
Microsoft Visual Studio Solution File, Format Version 12.00
# Visual Studio 15
VisualStudioVersion = 15.0.28307.421
MinimumVisualStudioVersion = 10.0.40219.1
Project("{FAE04EC0-301F-11D3-BF4B-00C04F79EFBC}") = "app.Android", "app\app.Android\app.Android.csproj", "{B32B6545-0215-446C-8C21-8B2C30A09452}"
EndProject
Project("{FAE04EC0-301F-11D3-BF4B-00C04F79EFBC}") = "app.iOS", "app\app.iOS\app.iOS.csproj", "{A701919A-DFA1-48A4-A265-0736A7CFB374}"
EndProject
Project("{FAE04EC0-301F-11D3-BF4B-00C04F79EFBC}") = "app.UWP", "app\app.UWP\app.UWP.csproj", "{580FDB8E-0C68-49B0-9DED-83318A570FBB}"
EndProject
Project("{FAE04EC0-301F-11D3-BF4B-00C04F79EFBC}") = "app", "app\app\app.csproj", "{0C16C760-25C8-46EE-8CEE-A10E7B55105F}"
EndProject
Global
	GlobalSection(SolutionConfigurationPlatforms) = preSolution
		Ad-Hoc|Any CPU = Ad-Hoc|Any CPU
		Ad-Hoc|ARM = Ad-Hoc|ARM
		Ad-Hoc|iPhone = Ad-Hoc|iPhone
		Ad-Hoc|iPhoneSimulator = Ad-Hoc|iPhoneSimulator
		Ad-Hoc|x64 = Ad-Hoc|x64
		Ad-Hoc|x86 = Ad-Hoc|x86
		AppStore|Any CPU = AppStore|Any CPU
		AppStore|ARM = AppStore|ARM
		AppStore|iPhone = AppStore|iPhone
		AppStore|iPhoneSimulator = AppStore|iPhoneSimulator
		AppStore|x64 = AppStore|x64
		AppStore|x86 = AppStore|x86
		Debug|Any CPU = Debug|Any CPU
		Debug|ARM = Debug|ARM
		Debug|iPhone = Debug|iPhone
		Debug|iPhoneSimulator = Debug|iPhoneSimulator
		Debug|x64 = Debug|x64
		Debug|x86 = Debug|x86
		Release|Any CPU = Release|Any CPU
		Release|ARM = Release|ARM
		Release|iPhone = Release|iPhone
		Release|iPhoneSimulator = Release|iPhoneSimulator
		Release|x64 = Release|x64
		Release|x86 = Release|x86
	EndGlobalSection
	GlobalSection(ProjectConfigurationPlatforms) = postSolution
		{B32B6545-0215-446C-8C21-8B2C30A09452}.Ad-Hoc|Any CPU.ActiveCfg = Release|Any CPU
		{B32B6545-0215-446C-8C21-8B2C30A09452}.Ad-Hoc|Any CPU.Build.0 = Release|Any CPU
		{B32B6545-0215-446C-8C21-8B2C30A09452}.Ad-Hoc|Any CPU.Deploy.0 = Release|Any CPU
		{B32B6545-0215-446C-8C21-8B2C30A09452}.Ad-Hoc|ARM.ActiveCfg = Release|Any CPU
		{B32B6545-0215-446C-8C21-8B2C30A09452}.Ad-Hoc|ARM.Build.0 = Release|Any CPU
		{B32B6545-0215-446C-8C21-8B2C30A09452}.Ad-Hoc|ARM.Deploy.0 = Release|Any CPU
		{B32B6545-0215-446C-8C21-8B2C30A09452}.Ad-Hoc|iPhone.ActiveCfg = Release|Any CPU
		{B32B6545-0215-446C-8C21-8B2C30A09452}.Ad-Hoc|iPhone.Build.0 = Release|Any CPU
		{B32B6545-0215-446C-8C21-8B2C30A09452}.Ad-Hoc|iPhone.Deploy.0 = Release|Any CPU
		{B32B6545-0215-446C-8C21-8B2C30A09452}.Ad-Hoc|iPhoneSimulator.ActiveCfg = Release|Any CPU
		{B32B6545-0215-446C-8C21-8B2C30A09452}.Ad-Hoc|iPhoneSimulator.Build.0 = Release|Any CPU
		{B32B6545-0215-446C-8C21-8B2C30A09452}.Ad-Hoc|iPhoneSimulator.Deploy.0 = Release|Any CPU
		{B32B6545-0215-446C-8C21-8B2C30A09452}.Ad-Hoc|x64.ActiveCfg = Release|Any CPU
		{B32B6545-0215-446C-8C21-8B2C30A09452}.Ad-Hoc|x64.Build.0 = Release|Any CPU
		{B32B6545-0215-446C-8C21-8B2C30A09452}.Ad-Hoc|x64.Deploy.0 = Release|Any CPU
		{B32B6545-0215-446C-8C21-8B2C30A09452}.Ad-Hoc|x86.ActiveCfg = Release|Any CPU
		{B32B6545-0215-446C-8C21-8B2C30A09452}.Ad-Hoc|x86.Build.0 = Release|Any CPU
		{B32B6545-0215-446C-8C21-8B2C30A09452}.Ad-Hoc|x86.Deploy.0 = Release|Any CPU
		{B32B6545-0215-446C-8C21-8B2C30A09452}.AppStore|Any CPU.ActiveCfg = Release|Any CPU
		{B32B6545-0215-446C-8C21-8B2C30A09452}.AppStore|Any CPU.Build.0 = Release|Any CPU
		{B32B6545-0215-446C-8C21-8B2C30A09452}.AppStore|Any CPU.Deploy.0 = Release|Any CPU
		{B32B6545-0215-446C-8C21-8B2C30A09452}.AppStore|ARM.ActiveCfg = Release|Any CPU
		{B32B6545-0215-446C-8C21-8B2C30A09452}.AppStore|ARM.Build.0 = Release|Any CPU
		{B32B6545-0215-446C-8C21-8B2C30A09452}.AppStore|ARM.Deploy.0 = Release|Any CPU
		{B32B6545-0215-446C-8C21-8B2C30A09452}.AppStore|iPhone.ActiveCfg = Release|Any CPU
		{B32B6545-0215-446C-8C21-8B2C30A09452}.AppStore|iPhone.Build.0 = Release|Any CPU
		{B32B6545-0215-446C-8C21-8B2C30A09452}.AppStore|iPhone.Deploy.0 = Release|Any CPU
		{B32B6545-0215-446C-8C21-8B2C30A09452}.AppStore|iPhoneSimulator.ActiveCfg = Release|Any CPU
		{B32B6545-0215-446C-8C21-8B2C30A09452}.AppStore|iPhoneSimulator.Build.0 = Release|Any CPU
		{B32B6545-0215-446C-8C21-8B2C30A09452}.AppStore|iPhoneSimulator.Deploy.0 = Release|Any CPU
		{B32B6545-0215-446C-8C21-8B2C30A09452}.AppStore|x64.ActiveCfg = Release|Any CPU
		{B32B6545-0215-446C-8C21-8B2C30A09452}.AppStore|x64.Build.0 = Release|Any CPU
		{B32B6545-0215-446C-8C21-8B2C30A09452}.AppStore|x64.Deploy.0 = Release|Any CPU
		{B32B6545-0215-446C-8C21-8B2C30A09452}.AppStore|x86.ActiveCfg = Release|Any CPU
		{B32B6545-0215-446C-8C21-8B2C30A09452}.AppStore|x86.Build.0 = Release|Any CPU
		{B32B6545-0215-446C-8C21-8B2C30A09452}.AppStore|x86.Deploy.0 = Release|Any CPU
		{B32B6545-0215-446C-8C21-8B2C30A09452}.Debug|Any CPU.ActiveCfg = Debug|Any CPU
		{B32B6545-0215-446C-8C21-8B2C30A09452}.Debug|Any CPU.Build.0 = Debug|Any CPU
		{B32B6545-0215-446C-8C21-8B2C30A09452}.Debug|Any CPU.Deploy.0 = Debug|Any CPU
		{B32B6545-0215-446C-8C21-8B2C30A09452}.Debug|ARM.ActiveCfg = Debug|Any CPU
		{B32B6545-0215-446C-8C21-8B2C30A09452}.Debug|ARM.Build.0 = Debug|Any CPU
		{B32B6545-0215-446C-8C21-8B2C30A09452}.Debug|ARM.Deploy.0 = Debug|Any CPU
		{B32B6545-0215-446C-8C21-8B2C30A09452}.Debug|iPhone.ActiveCfg = Debug|Any CPU
		{B32B6545-0215-446C-8C21-8B2C30A09452}.Debug|iPhone.Build.0 = Debug|Any CPU
		{B32B6545-0215-446C-8C21-8B2C30A09452}.Debug|iPhone.Deploy.0 = Debug|Any CPU
		{B32B6545-0215-446C-8C21-8B2C30A09452}.Debug|iPhoneSimulator.ActiveCfg = Debug|Any CPU
		{B32B6545-0215-446C-8C21-8B2C30A09452}.Debug|iPhoneSimulator.Build.0 = Debug|Any CPU
		{B32B6545-0215-446C-8C21-8B2C30A09452}.Debug|iPhoneSimulator.Deploy.0 = Debug|Any CPU
		{B32B6545-0215-446C-8C21-8B2C30A09452}.Debug|x64.ActiveCfg = Debug|Any CPU
		{B32B6545-0215-446C-8C21-8B2C30A09452}.Debug|x64.Build.0 = Debug|Any CPU
		{B32B6545-0215-446C-8C21-8B2C30A09452}.Debug|x64.Deploy.0 = Debug|Any CPU
		{B32B6545-0215-446C-8C21-8B2C30A09452}.Debug|x86.ActiveCfg = Debug|Any CPU
		{B32B6545-0215-446C-8C21-8B2C30A09452}.Debug|x86.Build.0 = Debug|Any CPU
		{B32B6545-0215-446C-8C21-8B2C30A09452}.Debug|x86.Deploy.0 = Debug|Any CPU
		{B32B6545-0215-446C-8C21-8B2C30A09452}.Release|Any CPU.ActiveCfg = Release|Any CPU
		{B32B6545-0215-446C-8C21-8B2C30A09452}.Release|Any CPU.Build.0 = Release|Any CPU
		{B32B6545-0215-446C-8C21-8B2C30A09452}.Release|Any CPU.Deploy.0 = Release|Any CPU
		{B32B6545-0215-446C-8C21-8B2C30A09452}.Release|ARM.ActiveCfg = Release|Any CPU
		{B32B6545-0215-446C-8C21-8B2C30A09452}.Release|ARM.Build.0 = Release|Any CPU
		{B32B6545-0215-446C-8C21-8B2C30A09452}.Release|ARM.Deploy.0 = Release|Any CPU
		{B32B6545-0215-446C-8C21-8B2C30A09452}.Release|iPhone.ActiveCfg = Release|Any CPU
		{B32B6545-0215-446C-8C21-8B2C30A09452}.Release|iPhone.Build.0 = Release|Any CPU
		{B32B6545-0215-446C-8C21-8B2C30A09452}.Release|iPhone.Deploy.0 = Release|Any CPU
		{B32B6545-0215-446C-8C21-8B2C30A09452}.Release|iPhoneSimulator.ActiveCfg = Release|Any CPU
		{B32B6545-0215-446C-8C21-8B2C30A09452}.Release|iPhoneSimulator.Build.0 = Release|Any CPU
		{B32B6545-0215-446C-8C21-8B2C30A09452}.Release|iPhoneSimulator.Deploy.0 = Release|Any CPU
		{B32B6545-0215-446C-8C21-8B2C30A09452}.Release|x64.ActiveCfg = Release|Any CPU
		{B32B6545-0215-446C-8C21-8B2C30A09452}.Release|x64.Build.0 = Release|Any CPU
		{B32B6545-0215-446C-8C21-8B2C30A09452}.Release|x64.Deploy.0 = Release|Any CPU
		{B32B6545-0215-446C-8C21-8B2C30A09452}.Release|x86.ActiveCfg = Release|Any CPU
		{B32B6545-0215-446C-8C21-8B2C30A09452}.Release|x86.Build.0 = Release|Any CPU
		{B32B6545-0215-446C-8C21-8B2C30A09452}.Release|x86.Deploy.0 = Release|Any CPU
		{A701919A-DFA1-48A4-A265-0736A7CFB374}.Ad-Hoc|Any CPU.ActiveCfg = Ad-Hoc|iPhone
		{A701919A-DFA1-48A4-A265-0736A7CFB374}.Ad-Hoc|Any CPU.Build.0 = Ad-Hoc|iPhone
		{A701919A-DFA1-48A4-A265-0736A7CFB374}.Ad-Hoc|Any CPU.Deploy.0 = Ad-Hoc|iPhone
		{A701919A-DFA1-48A4-A265-0736A7CFB374}.Ad-Hoc|ARM.ActiveCfg = Ad-Hoc|iPhone
		{A701919A-DFA1-48A4-A265-0736A7CFB374}.Ad-Hoc|ARM.Build.0 = Ad-Hoc|iPhone
		{A701919A-DFA1-48A4-A265-0736A7CFB374}.Ad-Hoc|ARM.Deploy.0 = Ad-Hoc|iPhone
		{A701919A-DFA1-48A4-A265-0736A7CFB374}.Ad-Hoc|iPhone.ActiveCfg = Ad-Hoc|iPhone
		{A701919A-DFA1-48A4-A265-0736A7CFB374}.Ad-Hoc|iPhone.Build.0 = Ad-Hoc|iPhone
		{A701919A-DFA1-48A4-A265-0736A7CFB374}.Ad-Hoc|iPhone.Deploy.0 = Ad-Hoc|iPhone
		{A701919A-DFA1-48A4-A265-0736A7CFB374}.Ad-Hoc|iPhoneSimulator.ActiveCfg = Ad-Hoc|iPhoneSimulator
		{A701919A-DFA1-48A4-A265-0736A7CFB374}.Ad-Hoc|iPhoneSimulator.Build.0 = Ad-Hoc|iPhoneSimulator
		{A701919A-DFA1-48A4-A265-0736A7CFB374}.Ad-Hoc|iPhoneSimulator.Deploy.0 = Ad-Hoc|iPhoneSimulator
		{A701919A-DFA1-48A4-A265-0736A7CFB374}.Ad-Hoc|x64.ActiveCfg = Ad-Hoc|iPhone
		{A701919A-DFA1-48A4-A265-0736A7CFB374}.Ad-Hoc|x64.Build.0 = Ad-Hoc|iPhone
		{A701919A-DFA1-48A4-A265-0736A7CFB374}.Ad-Hoc|x64.Deploy.0 = Ad-Hoc|iPhone
		{A701919A-DFA1-48A4-A265-0736A7CFB374}.Ad-Hoc|x86.ActiveCfg = Ad-Hoc|iPhone
		{A701919A-DFA1-48A4-A265-0736A7CFB374}.Ad-Hoc|x86.Build.0 = Ad-Hoc|iPhone
		{A701919A-DFA1-48A4-A265-0736A7CFB374}.Ad-Hoc|x86.Deploy.0 = Ad-Hoc|iPhone
		{A701919A-DFA1-48A4-A265-0736A7CFB374}.AppStore|Any CPU.ActiveCfg = AppStore|iPhone
		{A701919A-DFA1-48A4-A265-0736A7CFB374}.AppStore|Any CPU.Build.0 = AppStore|iPhone
		{A701919A-DFA1-48A4-A265-0736A7CFB374}.AppStore|Any CPU.Deploy.0 = AppStore|iPhone
		{A701919A-DFA1-48A4-A265-0736A7CFB374}.AppStore|ARM.ActiveCfg = AppStore|iPhone
		{A701919A-DFA1-48A4-A265-0736A7CFB374}.AppStore|ARM.Build.0 = AppStore|iPhone
		{A701919A-DFA1-48A4-A265-0736A7CFB374}.AppStore|ARM.Deploy.0 = AppStore|iPhone
		{A701919A-DFA1-48A4-A265-0736A7CFB374}.AppStore|iPhone.ActiveCfg = AppStore|iPhone
		{A701919A-DFA1-48A4-A265-0736A7CFB374}.AppStore|iPhone.Build.0 = AppStore|iPhone
		{A701919A-DFA1-48A4-A265-0736A7CFB374}.AppStore|iPhone.Deploy.0 = AppStore|iPhone
		{A701919A-DFA1-48A4-A265-0736A7CFB374}.AppStore|iPhoneSimulator.ActiveCfg = AppStore|iPhoneSimulator
		{A701919A-DFA1-48A4-A265-0736A7CFB374}.AppStore|iPhoneSimulator.Build.0 = AppStore|iPhoneSimulator
		{A701919A-DFA1-48A4-A265-0736A7CFB374}.AppStore|iPhoneSimulator.Deploy.0 = AppStore|iPhoneSimulator
		{A701919A-DFA1-48A4-A265-0736A7CFB374}.AppStore|x64.ActiveCfg = AppStore|iPhone
		{A701919A-DFA1-48A4-A265-0736A7CFB374}.AppStore|x64.Build.0 = AppStore|iPhone
		{A701919A-DFA1-48A4-A265-0736A7CFB374}.AppStore|x64.Deploy.0 = AppStore|iPhone
		{A701919A-DFA1-48A4-A265-0736A7CFB374}.AppStore|x86.ActiveCfg = AppStore|iPhone
		{A701919A-DFA1-48A4-A265-0736A7CFB374}.AppStore|x86.Build.0 = AppStore|iPhone
		{A701919A-DFA1-48A4-A265-0736A7CFB374}.AppStore|x86.Deploy.0 = AppStore|iPhone
		{A701919A-DFA1-48A4-A265-0736A7CFB374}.Debug|Any CPU.ActiveCfg = Debug|iPhoneSimulator
		{A701919A-DFA1-48A4-A265-0736A7CFB374}.Debug|Any CPU.Build.0 = Debug|iPhoneSimulator
		{A701919A-DFA1-48A4-A265-0736A7CFB374}.Debug|Any CPU.Deploy.0 = Debug|iPhoneSimulator
		{A701919A-DFA1-48A4-A265-0736A7CFB374}.Debug|ARM.ActiveCfg = Debug|iPhone
		{A701919A-DFA1-48A4-A265-0736A7CFB374}.Debug|ARM.Build.0 = Debug|iPhone
		{A701919A-DFA1-48A4-A265-0736A7CFB374}.Debug|ARM.Deploy.0 = Debug|iPhone
		{A701919A-DFA1-48A4-A265-0736A7CFB374}.Debug|iPhone.ActiveCfg = Debug|iPhone
		{A701919A-DFA1-48A4-A265-0736A7CFB374}.Debug|iPhone.Build.0 = Debug|iPhone
		{A701919A-DFA1-48A4-A265-0736A7CFB374}.Debug|iPhone.Deploy.0 = Debug|iPhone
		{A701919A-DFA1-48A4-A265-0736A7CFB374}.Debug|iPhoneSimulator.ActiveCfg = Debug|iPhoneSimulator
		{A701919A-DFA1-48A4-A265-0736A7CFB374}.Debug|iPhoneSimulator.Build.0 = Debug|iPhoneSimulator
		{A701919A-DFA1-48A4-A265-0736A7CFB374}.Debug|iPhoneSimulator.Deploy.0 = Debug|iPhoneSimulator
		{A701919A-DFA1-48A4-A265-0736A7CFB374}.Debug|x64.ActiveCfg = Debug|iPhone
		{A701919A-DFA1-48A4-A265-0736A7CFB374}.Debug|x64.Build.0 = Debug|iPhone
		{A701919A-DFA1-48A4-A265-0736A7CFB374}.Debug|x64.Deploy.0 = Debug|iPhone
		{A701919A-DFA1-48A4-A265-0736A7CFB374}.Debug|x86.ActiveCfg = Debug|iPhone
		{A701919A-DFA1-48A4-A265-0736A7CFB374}.Debug|x86.Build.0 = Debug|iPhone
		{A701919A-DFA1-48A4-A265-0736A7CFB374}.Debug|x86.Deploy.0 = Debug|iPhone
		{A701919A-DFA1-48A4-A265-0736A7CFB374}.Release|Any CPU.ActiveCfg = Release|iPhone
		{A701919A-DFA1-48A4-A265-0736A7CFB374}.Release|Any CPU.Build.0 = Release|iPhone
		{A701919A-DFA1-48A4-A265-0736A7CFB374}.Release|Any CPU.Deploy.0 = Release|iPhone
		{A701919A-DFA1-48A4-A265-0736A7CFB374}.Release|ARM.ActiveCfg = Release|iPhone
		{A701919A-DFA1-48A4-A265-0736A7CFB374}.Release|ARM.Build.0 = Release|iPhone
		{A701919A-DFA1-48A4-A265-0736A7CFB374}.Release|ARM.Deploy.0 = Release|iPhone
		{A701919A-DFA1-48A4-A265-0736A7CFB374}.Release|iPhone.ActiveCfg = Release|iPhone
		{A701919A-DFA1-48A4-A265-0736A7CFB374}.Release|iPhone.Build.0 = Release|iPhone
		{A701919A-DFA1-48A4-A265-0736A7CFB374}.Release|iPhone.Deploy.0 = Release|iPhone
		{A701919A-DFA1-48A4-A265-0736A7CFB374}.Release|iPhoneSimulator.ActiveCfg = Release|iPhoneSimulator
		{A701919A-DFA1-48A4-A265-0736A7CFB374}.Release|iPhoneSimulator.Build.0 = Release|iPhoneSimulator
		{A701919A-DFA1-48A4-A265-0736A7CFB374}.Release|iPhoneSimulator.Deploy.0 = Release|iPhoneSimulator
		{A701919A-DFA1-48A4-A265-0736A7CFB374}.Release|x64.ActiveCfg = Release|iPhone
		{A701919A-DFA1-48A4-A265-0736A7CFB374}.Release|x64.Build.0 = Release|iPhone
		{A701919A-DFA1-48A4-A265-0736A7CFB374}.Release|x64.Deploy.0 = Release|iPhone
		{A701919A-DFA1-48A4-A265-0736A7CFB374}.Release|x86.ActiveCfg = Release|iPhone
		{A701919A-DFA1-48A4-A265-0736A7CFB374}.Release|x86.Build.0 = Release|iPhone
		{A701919A-DFA1-48A4-A265-0736A7CFB374}.Release|x86.Deploy.0 = Release|iPhone
		{580FDB8E-0C68-49B0-9DED-83318A570FBB}.Ad-Hoc|Any CPU.ActiveCfg = Release|x86
		{580FDB8E-0C68-49B0-9DED-83318A570FBB}.Ad-Hoc|Any CPU.Build.0 = Release|x86
		{580FDB8E-0C68-49B0-9DED-83318A570FBB}.Ad-Hoc|Any CPU.Deploy.0 = Release|x86
		{580FDB8E-0C68-49B0-9DED-83318A570FBB}.Ad-Hoc|ARM.ActiveCfg = Release|ARM
		{580FDB8E-0C68-49B0-9DED-83318A570FBB}.Ad-Hoc|ARM.Build.0 = Release|ARM
		{580FDB8E-0C68-49B0-9DED-83318A570FBB}.Ad-Hoc|ARM.Deploy.0 = Release|ARM
		{580FDB8E-0C68-49B0-9DED-83318A570FBB}.Ad-Hoc|iPhone.ActiveCfg = Release|x86
		{580FDB8E-0C68-49B0-9DED-83318A570FBB}.Ad-Hoc|iPhone.Build.0 = Release|x86
		{580FDB8E-0C68-49B0-9DED-83318A570FBB}.Ad-Hoc|iPhone.Deploy.0 = Release|x86
		{580FDB8E-0C68-49B0-9DED-83318A570FBB}.Ad-Hoc|iPhoneSimulator.ActiveCfg = Release|x86
		{580FDB8E-0C68-49B0-9DED-83318A570FBB}.Ad-Hoc|iPhoneSimulator.Build.0 = Release|x86
		{580FDB8E-0C68-49B0-9DED-83318A570FBB}.Ad-Hoc|iPhoneSimulator.Deploy.0 = Release|x86
		{580FDB8E-0C68-49B0-9DED-83318A570FBB}.Ad-Hoc|x64.ActiveCfg = Release|x64
		{580FDB8E-0C68-49B0-9DED-83318A570FBB}.Ad-Hoc|x64.Build.0 = Release|x64
		{580FDB8E-0C68-49B0-9DED-83318A570FBB}.Ad-Hoc|x64.Deploy.0 = Release|x64
		{580FDB8E-0C68-49B0-9DED-83318A570FBB}.Ad-Hoc|x86.ActiveCfg = Release|x86
		{580FDB8E-0C68-49B0-9DED-83318A570FBB}.Ad-Hoc|x86.Build.0 = Release|x86
		{580FDB8E-0C68-49B0-9DED-83318A570FBB}.Ad-Hoc|x86.Deploy.0 = Release|x86
		{580FDB8E-0C68-49B0-9DED-83318A570FBB}.AppStore|Any CPU.ActiveCfg = Release|x86
		{580FDB8E-0C68-49B0-9DED-83318A570FBB}.AppStore|Any CPU.Build.0 = Release|x86
		{580FDB8E-0C68-49B0-9DED-83318A570FBB}.AppStore|Any CPU.Deploy.0 = Release|x86
		{580FDB8E-0C68-49B0-9DED-83318A570FBB}.AppStore|ARM.ActiveCfg = Release|ARM
		{580FDB8E-0C68-49B0-9DED-83318A570FBB}.AppStore|ARM.Build.0 = Release|ARM
		{580FDB8E-0C68-49B0-9DED-83318A570FBB}.AppStore|ARM.Deploy.0 = Release|ARM
		{580FDB8E-0C68-49B0-9DED-83318A570FBB}.AppStore|iPhone.ActiveCfg = Release|x86
		{580FDB8E-0C68-49B0-9DED-83318A570FBB}.AppStore|iPhone.Build.0 = Release|x86
		{580FDB8E-0C68-49B0-9DED-83318A570FBB}.AppStore|iPhone.Deploy.0 = Release|x86
		{580FDB8E-0C68-49B0-9DED-83318A570FBB}.AppStore|iPhoneSimulator.ActiveCfg = Release|x86
		{580FDB8E-0C68-49B0-9DED-83318A570FBB}.AppStore|iPhoneSimulator.Build.0 = Release|x86
		{580FDB8E-0C68-49B0-9DED-83318A570FBB}.AppStore|iPhoneSimulator.Deploy.0 = Release|x86
		{580FDB8E-0C68-49B0-9DED-83318A570FBB}.AppStore|x64.ActiveCfg = Release|x64
		{580FDB8E-0C68-49B0-9DED-83318A570FBB}.AppStore|x64.Build.0 = Release|x64
		{580FDB8E-0C68-49B0-9DED-83318A570FBB}.AppStore|x64.Deploy.0 = Release|x64
		{580FDB8E-0C68-49B0-9DED-83318A570FBB}.AppStore|x86.ActiveCfg = Release|x86
		{580FDB8E-0C68-49B0-9DED-83318A570FBB}.AppStore|x86.Build.0 = Release|x86
		{580FDB8E-0C68-49B0-9DED-83318A570FBB}.AppStore|x86.Deploy.0 = Release|x86
		{580FDB8E-0C68-49B0-9DED-83318A570FBB}.Debug|Any CPU.ActiveCfg = Debug|x86
		{580FDB8E-0C68-49B0-9DED-83318A570FBB}.Debug|Any CPU.Build.0 = Debug|x86
		{580FDB8E-0C68-49B0-9DED-83318A570FBB}.Debug|Any CPU.Deploy.0 = Debug|x86
		{580FDB8E-0C68-49B0-9DED-83318A570FBB}.Debug|ARM.ActiveCfg = Debug|ARM
		{580FDB8E-0C68-49B0-9DED-83318A570FBB}.Debug|ARM.Build.0 = Debug|ARM
		{580FDB8E-0C68-49B0-9DED-83318A570FBB}.Debug|ARM.Deploy.0 = Debug|ARM
		{580FDB8E-0C68-49B0-9DED-83318A570FBB}.Debug|iPhone.ActiveCfg = Debug|x86
		{580FDB8E-0C68-49B0-9DED-83318A570FBB}.Debug|iPhone.Build.0 = Debug|x86
		{580FDB8E-0C68-49B0-9DED-83318A570FBB}.Debug|iPhone.Deploy.0 = Debug|x86
		{580FDB8E-0C68-49B0-9DED-83318A570FBB}.Debug|iPhoneSimulator.ActiveCfg = Debug|x86
		{580FDB8E-0C68-49B0-9DED-83318A570FBB}.Debug|iPhoneSimulator.Build.0 = Debug|x86
		{580FDB8E-0C68-49B0-9DED-83318A570FBB}.Debug|iPhoneSimulator.Deploy.0 = Debug|x86
		{580FDB8E-0C68-49B0-9DED-83318A570FBB}.Debug|x64.ActiveCfg = Debug|x64
		{580FDB8E-0C68-49B0-9DED-83318A570FBB}.Debug|x64.Build.0 = Debug|x64
		{580FDB8E-0C68-49B0-9DED-83318A570FBB}.Debug|x64.Deploy.0 = Debug|x64
		{580FDB8E-0C68-49B0-9DED-83318A570FBB}.Debug|x86.ActiveCfg = Debug|x86
		{580FDB8E-0C68-49B0-9DED-83318A570FBB}.Debug|x86.Build.0 = Debug|x86
		{580FDB8E-0C68-49B0-9DED-83318A570FBB}.Debug|x86.Deploy.0 = Debug|x86
		{580FDB8E-0C68-49B0-9DED-83318A570FBB}.Release|Any CPU.ActiveCfg = Release|x86
		{580FDB8E-0C68-49B0-9DED-83318A570FBB}.Release|Any CPU.Build.0 = Release|x86
		{580FDB8E-0C68-49B0-9DED-83318A570FBB}.Release|Any CPU.Deploy.0 = Release|x86
		{580FDB8E-0C68-49B0-9DED-83318A570FBB}.Release|ARM.ActiveCfg = Release|ARM
		{580FDB8E-0C68-49B0-9DED-83318A570FBB}.Release|ARM.Build.0 = Release|ARM
		{580FDB8E-0C68-49B0-9DED-83318A570FBB}.Release|ARM.Deploy.0 = Release|ARM
		{580FDB8E-0C68-49B0-9DED-83318A570FBB}.Release|iPhone.ActiveCfg = Release|x86
		{580FDB8E-0C68-49B0-9DED-83318A570FBB}.Release|iPhone.Build.0 = Release|x86
		{580FDB8E-0C68-49B0-9DED-83318A570FBB}.Release|iPhone.Deploy.0 = Release|x86
		{580FDB8E-0C68-49B0-9DED-83318A570FBB}.Release|iPhoneSimulator.ActiveCfg = Release|x86
		{580FDB8E-0C68-49B0-9DED-83318A570FBB}.Release|iPhoneSimulator.Build.0 = Release|x86
		{580FDB8E-0C68-49B0-9DED-83318A570FBB}.Release|iPhoneSimulator.Deploy.0 = Release|x86
		{580FDB8E-0C68-49B0-9DED-83318A570FBB}.Release|x64.ActiveCfg = Release|x64
		{580FDB8E-0C68-49B0-9DED-83318A570FBB}.Release|x64.Build.0 = Release|x64
		{580FDB8E-0C68-49B0-9DED-83318A570FBB}.Release|x64.Deploy.0 = Release|x64
		{580FDB8E-0C68-49B0-9DED-83318A570FBB}.Release|x86.ActiveCfg = Release|x86
		{580FDB8E-0C68-49B0-9DED-83318A570FBB}.Release|x86.Build.0 = Release|x86
		{580FDB8E-0C68-49B0-9DED-83318A570FBB}.Release|x86.Deploy.0 = Release|x86
		{0C16C760-25C8-46EE-8CEE-A10E7B55105F}.Ad-Hoc|Any CPU.ActiveCfg = Debug|Any CPU
		{0C16C760-25C8-46EE-8CEE-A10E7B55105F}.Ad-Hoc|Any CPU.Build.0 = Debug|Any CPU
		{0C16C760-25C8-46EE-8CEE-A10E7B55105F}.Ad-Hoc|Any CPU.Deploy.0 = Debug|Any CPU
		{0C16C760-25C8-46EE-8CEE-A10E7B55105F}.Ad-Hoc|ARM.ActiveCfg = Debug|Any CPU
		{0C16C760-25C8-46EE-8CEE-A10E7B55105F}.Ad-Hoc|ARM.Build.0 = Debug|Any CPU
		{0C16C760-25C8-46EE-8CEE-A10E7B55105F}.Ad-Hoc|ARM.Deploy.0 = Debug|Any CPU
		{0C16C760-25C8-46EE-8CEE-A10E7B55105F}.Ad-Hoc|iPhone.ActiveCfg = Debug|Any CPU
		{0C16C760-25C8-46EE-8CEE-A10E7B55105F}.Ad-Hoc|iPhone.Build.0 = Debug|Any CPU
		{0C16C760-25C8-46EE-8CEE-A10E7B55105F}.Ad-Hoc|iPhone.Deploy.0 = Debug|Any CPU
		{0C16C760-25C8-46EE-8CEE-A10E7B55105F}.Ad-Hoc|iPhoneSimulator.ActiveCfg = Debug|Any CPU
		{0C16C760-25C8-46EE-8CEE-A10E7B55105F}.Ad-Hoc|iPhoneSimulator.Build.0 = Debug|Any CPU
		{0C16C760-25C8-46EE-8CEE-A10E7B55105F}.Ad-Hoc|iPhoneSimulator.Deploy.0 = Debug|Any CPU
		{0C16C760-25C8-46EE-8CEE-A10E7B55105F}.Ad-Hoc|x64.ActiveCfg = Debug|Any CPU
		{0C16C760-25C8-46EE-8CEE-A10E7B55105F}.Ad-Hoc|x64.Build.0 = Debug|Any CPU
		{0C16C760-25C8-46EE-8CEE-A10E7B55105F}.Ad-Hoc|x64.Deploy.0 = Debug|Any CPU
		{0C16C760-25C8-46EE-8CEE-A10E7B55105F}.Ad-Hoc|x86.ActiveCfg = Debug|Any CPU
		{0C16C760-25C8-46EE-8CEE-A10E7B55105F}.Ad-Hoc|x86.Build.0 = Debug|Any CPU
		{0C16C760-25C8-46EE-8CEE-A10E7B55105F}.Ad-Hoc|x86.Deploy.0 = Debug|Any CPU
		{0C16C760-25C8-46EE-8CEE-A10E7B55105F}.AppStore|Any CPU.ActiveCfg = Debug|Any CPU
		{0C16C760-25C8-46EE-8CEE-A10E7B55105F}.AppStore|Any CPU.Build.0 = Debug|Any CPU
		{0C16C760-25C8-46EE-8CEE-A10E7B55105F}.AppStore|Any CPU.Deploy.0 = Debug|Any CPU
		{0C16C760-25C8-46EE-8CEE-A10E7B55105F}.AppStore|ARM.ActiveCfg = Debug|Any CPU
		{0C16C760-25C8-46EE-8CEE-A10E7B55105F}.AppStore|ARM.Build.0 = Debug|Any CPU
		{0C16C760-25C8-46EE-8CEE-A10E7B55105F}.AppStore|ARM.Deploy.0 = Debug|Any CPU
		{0C16C760-25C8-46EE-8CEE-A10E7B55105F}.AppStore|iPhone.ActiveCfg = Debug|Any CPU
		{0C16C760-25C8-46EE-8CEE-A10E7B55105F}.AppStore|iPhone.Build.0 = Debug|Any CPU
		{0C16C760-25C8-46EE-8CEE-A10E7B55105F}.AppStore|iPhone.Deploy.0 = Debug|Any CPU
		{0C16C760-25C8-46EE-8CEE-A10E7B55105F}.AppStore|iPhoneSimulator.ActiveCfg = Debug|Any CPU
		{0C16C760-25C8-46EE-8CEE-A10E7B55105F}.AppStore|iPhoneSimulator.Build.0 = Debug|Any CPU
		{0C16C760-25C8-46EE-8CEE-A10E7B55105F}.AppStore|iPhoneSimulator.Deploy.0 = Debug|Any CPU
		{0C16C760-25C8-46EE-8CEE-A10E7B55105F}.AppStore|x64.ActiveCfg = Debug|Any CPU
		{0C16C760-25C8-46EE-8CEE-A10E7B55105F}.AppStore|x64.Build.0 = Debug|Any CPU
		{0C16C760-25C8-46EE-8CEE-A10E7B55105F}.AppStore|x64.Deploy.0 = Debug|Any CPU
		{0C16C760-25C8-46EE-8CEE-A10E7B55105F}.AppStore|x86.ActiveCfg = Debug|Any CPU
		{0C16C760-25C8-46EE-8CEE-A10E7B55105F}.AppStore|x86.Build.0 = Debug|Any CPU
		{0C16C760-25C8-46EE-8CEE-A10E7B55105F}.AppStore|x86.Deploy.0 = Debug|Any CPU
		{0C16C760-25C8-46EE-8CEE-A10E7B55105F}.Debug|Any CPU.ActiveCfg = Debug|Any CPU
		{0C16C760-25C8-46EE-8CEE-A10E7B55105F}.Debug|Any CPU.Build.0 = Debug|Any CPU
		{0C16C760-25C8-46EE-8CEE-A10E7B55105F}.Debug|Any CPU.Deploy.0 = Debug|Any CPU
		{0C16C760-25C8-46EE-8CEE-A10E7B55105F}.Debug|ARM.ActiveCfg = Debug|Any CPU
		{0C16C760-25C8-46EE-8CEE-A10E7B55105F}.Debug|ARM.Build.0 = Debug|Any CPU
		{0C16C760-25C8-46EE-8CEE-A10E7B55105F}.Debug|ARM.Deploy.0 = Debug|Any CPU
		{0C16C760-25C8-46EE-8CEE-A10E7B55105F}.Debug|iPhone.ActiveCfg = Debug|Any CPU
		{0C16C760-25C8-46EE-8CEE-A10E7B55105F}.Debug|iPhone.Build.0 = Debug|Any CPU
		{0C16C760-25C8-46EE-8CEE-A10E7B55105F}.Debug|iPhone.Deploy.0 = Debug|Any CPU
		{0C16C760-25C8-46EE-8CEE-A10E7B55105F}.Debug|iPhoneSimulator.ActiveCfg = Debug|Any CPU
		{0C16C760-25C8-46EE-8CEE-A10E7B55105F}.Debug|iPhoneSimulator.Build.0 = Debug|Any CPU
		{0C16C760-25C8-46EE-8CEE-A10E7B55105F}.Debug|iPhoneSimulator.Deploy.0 = Debug|Any CPU
		{0C16C760-25C8-46EE-8CEE-A10E7B55105F}.Debug|x64.ActiveCfg = Debug|Any CPU
		{0C16C760-25C8-46EE-8CEE-A10E7B55105F}.Debug|x64.Build.0 = Debug|Any CPU
		{0C16C760-25C8-46EE-8CEE-A10E7B55105F}.Debug|x64.Deploy.0 = Debug|Any CPU
		{0C16C760-25C8-46EE-8CEE-A10E7B55105F}.Debug|x86.ActiveCfg = Debug|Any CPU
		{0C16C760-25C8-46EE-8CEE-A10E7B55105F}.Debug|x86.Build.0 = Debug|Any CPU
		{0C16C760-25C8-46EE-8CEE-A10E7B55105F}.Debug|x86.Deploy.0 = Debug|Any CPU
		{0C16C760-25C8-46EE-8CEE-A10E7B55105F}.Release|Any CPU.ActiveCfg = Release|Any CPU
		{0C16C760-25C8-46EE-8CEE-A10E7B55105F}.Release|Any CPU.Build.0 = Release|Any CPU
		{0C16C760-25C8-46EE-8CEE-A10E7B55105F}.Release|Any CPU.Deploy.0 = Release|Any CPU
		{0C16C760-25C8-46EE-8CEE-A10E7B55105F}.Release|ARM.ActiveCfg = Release|Any CPU
		{0C16C760-25C8-46EE-8CEE-A10E7B55105F}.Release|ARM.Build.0 = Release|Any CPU
		{0C16C760-25C8-46EE-8CEE-A10E7B55105F}.Release|ARM.Deploy.0 = Release|Any CPU
		{0C16C760-25C8-46EE-8CEE-A10E7B55105F}.Release|iPhone.ActiveCfg = Release|Any CPU
		{0C16C760-25C8-46EE-8CEE-A10E7B55105F}.Release|iPhone.Build.0 = Release|Any CPU
		{0C16C760-25C8-46EE-8CEE-A10E7B55105F}.Release|iPhone.Deploy.0 = Release|Any CPU
		{0C16C760-25C8-46EE-8CEE-A10E7B55105F}.Release|iPhoneSimulator.ActiveCfg = Release|Any CPU
		{0C16C760-25C8-46EE-8CEE-A10E7B55105F}.Release|iPhoneSimulator.Build.0 = Release|Any CPU
		{0C16C760-25C8-46EE-8CEE-A10E7B55105F}.Release|iPhoneSimulator.Deploy.0 = Release|Any CPU
		{0C16C760-25C8-46EE-8CEE-A10E7B55105F}.Release|x64.ActiveCfg = Release|Any CPU
		{0C16C760-25C8-46EE-8CEE-A10E7B55105F}.Release|x64.Build.0 = Release|Any CPU
		{0C16C760-25C8-46EE-8CEE-A10E7B55105F}.Release|x64.Deploy.0 = Release|Any CPU
		{0C16C760-25C8-46EE-8CEE-A10E7B55105F}.Release|x86.ActiveCfg = Release|Any CPU
		{0C16C760-25C8-46EE-8CEE-A10E7B55105F}.Release|x86.Build.0 = Release|Any CPU
		{0C16C760-25C8-46EE-8CEE-A10E7B55105F}.Release|x86.Deploy.0 = Release|Any CPU
	EndGlobalSection
	GlobalSection(SolutionProperties) = preSolution
		HideSolutionNode = FALSE
	EndGlobalSection
	GlobalSection(ExtensibilityGlobals) = postSolution
		SolutionGuid = {9EDDC4C1-8DE5-4753-A04D-9E6F7D6A7295}
	EndGlobalSection
EndGlobal
